
Microsoft Visual Studio Solution File, Format Version 12.00
# Visual Studio 15
VisualStudioVersion = 15.0.26124.0
MinimumVisualStudioVersion = 15.0.26124.0
Project("{FAE04EC0-301F-11D3-BF4B-00C04F79EFBC}") = "PRY2020237.Api", "PRY2020237.Api\PRY2020237.Api.csproj", "{D398F2C6-5E01-4BAD-853E-977B478495B4}"
EndProject
Project("{FAE04EC0-301F-11D3-BF4B-00C04F79EFBC}") = "PRY2020237.Repository", "PRY2020237.Repository\PRY2020237.Repository.csproj", "{95E8DF93-2CAD-405C-9DE5-4388FB8D7336}"
EndProject
Project("{FAE04EC0-301F-11D3-BF4B-00C04F79EFBC}") = "PRY2020237.Entity", "PRY2020237.Entity\PRY2020237.Entity.csproj", "{D862B0CB-617A-43B9-8A01-3AC64F5A0B19}"
EndProject
Project("{FAE04EC0-301F-11D3-BF4B-00C04F79EFBC}") = "PRY2020237.Service", "PRY2020237.Service\PRY2020237.Service.csproj", "{D38617ED-52A9-4EEF-B2EF-96317FD588D8}"
EndProject
Global
	GlobalSection(SolutionConfigurationPlatforms) = preSolution
		Debug|Any CPU = Debug|Any CPU
		Debug|x64 = Debug|x64
		Debug|x86 = Debug|x86
		Release|Any CPU = Release|Any CPU
		Release|x64 = Release|x64
		Release|x86 = Release|x86
	EndGlobalSection
	GlobalSection(SolutionProperties) = preSolution
		HideSolutionNode = FALSE
	EndGlobalSection
	GlobalSection(ProjectConfigurationPlatforms) = postSolution
		{D398F2C6-5E01-4BAD-853E-977B478495B4}.Debug|Any CPU.ActiveCfg = Debug|Any CPU
		{D398F2C6-5E01-4BAD-853E-977B478495B4}.Debug|Any CPU.Build.0 = Debug|Any CPU
		{D398F2C6-5E01-4BAD-853E-977B478495B4}.Debug|x64.ActiveCfg = Debug|Any CPU
		{D398F2C6-5E01-4BAD-853E-977B478495B4}.Debug|x64.Build.0 = Debug|Any CPU
		{D398F2C6-5E01-4BAD-853E-977B478495B4}.Debug|x86.ActiveCfg = Debug|Any CPU
		{D398F2C6-5E01-4BAD-853E-977B478495B4}.Debug|x86.Build.0 = Debug|Any CPU
		{D398F2C6-5E01-4BAD-853E-977B478495B4}.Release|Any CPU.ActiveCfg = Release|Any CPU
		{D398F2C6-5E01-4BAD-853E-977B478495B4}.Release|Any CPU.Build.0 = Release|Any CPU
		{D398F2C6-5E01-4BAD-853E-977B478495B4}.Release|x64.ActiveCfg = Release|Any CPU
		{D398F2C6-5E01-4BAD-853E-977B478495B4}.Release|x64.Build.0 = Release|Any CPU
		{D398F2C6-5E01-4BAD-853E-977B478495B4}.Release|x86.ActiveCfg = Release|Any CPU
		{D398F2C6-5E01-4BAD-853E-977B478495B4}.Release|x86.Build.0 = Release|Any CPU
		{95E8DF93-2CAD-405C-9DE5-4388FB8D7336}.Debug|Any CPU.ActiveCfg = Debug|Any CPU
		{95E8DF93-2CAD-405C-9DE5-4388FB8D7336}.Debug|Any CPU.Build.0 = Debug|Any CPU
		{95E8DF93-2CAD-405C-9DE5-4388FB8D7336}.Debug|x64.ActiveCfg = Debug|Any CPU
		{95E8DF93-2CAD-405C-9DE5-4388FB8D7336}.Debug|x64.Build.0 = Debug|Any CPU
		{95E8DF93-2CAD-405C-9DE5-4388FB8D7336}.Debug|x86.ActiveCfg = Debug|Any CPU
		{95E8DF93-2CAD-405C-9DE5-4388FB8D7336}.Debug|x86.Build.0 = Debug|Any CPU
		{95E8DF93-2CAD-405C-9DE5-4388FB8D7336}.Release|Any CPU.ActiveCfg = Release|Any CPU
		{95E8DF93-2CAD-405C-9DE5-4388FB8D7336}.Release|Any CPU.Build.0 = Release|Any CPU
		{95E8DF93-2CAD-405C-9DE5-4388FB8D7336}.Release|x64.ActiveCfg = Release|Any CPU
		{95E8DF93-2CAD-405C-9DE5-4388FB8D7336}.Release|x64.Build.0 = Release|Any CPU
		{95E8DF93-2CAD-405C-9DE5-4388FB8D7336}.Release|x86.ActiveCfg = Release|Any CPU
		{95E8DF93-2CAD-405C-9DE5-4388FB8D7336}.Release|x86.Build.0 = Release|Any CPU
		{D862B0CB-617A-43B9-8A01-3AC64F5A0B19}.Debug|Any CPU.ActiveCfg = Debug|Any CPU
		{D862B0CB-617A-43B9-8A01-3AC64F5A0B19}.Debug|Any CPU.Build.0 = Debug|Any CPU
		{D862B0CB-617A-43B9-8A01-3AC64F5A0B19}.Debug|x64.ActiveCfg = Debug|Any CPU
		{D862B0CB-617A-43B9-8A01-3AC64F5A0B19}.Debug|x64.Build.0 = Debug|Any CPU
		{D862B0CB-617A-43B9-8A01-3AC64F5A0B19}.Debug|x86.ActiveCfg = Debug|Any CPU
		{D862B0CB-617A-43B9-8A01-3AC64F5A0B19}.Debug|x86.Build.0 = Debug|Any CPU
		{D862B0CB-617A-43B9-8A01-3AC64F5A0B19}.Release|Any CPU.ActiveCfg = Release|Any CPU
		{D862B0CB-617A-43B9-8A01-3AC64F5A0B19}.Release|Any CPU.Build.0 = Release|Any CPU
		{D862B0CB-617A-43B9-8A01-3AC64F5A0B19}.Release|x64.ActiveCfg = Release|Any CPU
		{D862B0CB-617A-43B9-8A01-3AC64F5A0B19}.Release|x64.Build.0 = Release|Any CPU
		{D862B0CB-617A-43B9-8A01-3AC64F5A0B19}.Release|x86.ActiveCfg = Release|Any CPU
		{D862B0CB-617A-43B9-8A01-3AC64F5A0B19}.Release|x86.Build.0 = Release|Any CPU
		{D38617ED-52A9-4EEF-B2EF-96317FD588D8}.Debug|Any CPU.ActiveCfg = Debug|Any CPU
		{D38617ED-52A9-4EEF-B2EF-96317FD588D8}.Debug|Any CPU.Build.0 = Debug|Any CPU
		{D38617ED-52A9-4EEF-B2EF-96317FD588D8}.Debug|x64.ActiveCfg = Debug|Any CPU
		{D38617ED-52A9-4EEF-B2EF-96317FD588D8}.Debug|x64.Build.0 = Debug|Any CPU
		{D38617ED-52A9-4EEF-B2EF-96317FD588D8}.Debug|x86.ActiveCfg = Debug|Any CPU
		{D38617ED-52A9-4EEF-B2EF-96317FD588D8}.Debug|x86.Build.0 = Debug|Any CPU
		{D38617ED-52A9-4EEF-B2EF-96317FD588D8}.Release|Any CPU.ActiveCfg = Release|Any CPU
		{D38617ED-52A9-4EEF-B2EF-96317FD588D8}.Release|Any CPU.Build.0 = Release|Any CPU
		{D38617ED-52A9-4EEF-B2EF-96317FD588D8}.Release|x64.ActiveCfg = Release|Any CPU
		{D38617ED-52A9-4EEF-B2EF-96317FD588D8}.Release|x64.Build.0 = Release|Any CPU
		{D38617ED-52A9-4EEF-B2EF-96317FD588D8}.Release|x86.ActiveCfg = Release|Any CPU
		{D38617ED-52A9-4EEF-B2EF-96317FD588D8}.Release|x86.Build.0 = Release|Any CPU
	EndGlobalSection
EndGlobal
